
Microsoft Visual Studio Solution File, Format Version 12.00
# Visual Studio 14
VisualStudioVersion = 14.0.25420.1
MinimumVisualStudioVersion = 10.0.40219.1
Project("{FAE04EC0-301F-11D3-BF4B-00C04F79EFBC}") = "WebAPIMySQLSample.API", "..\WebAPIMySQLSample.API\WebAPIMySQLSample.API.csproj", "{75671B35-13E9-4CDD-8579-A8105FA0CC6B}"
EndProject
Project("{FAE04EC0-301F-11D3-BF4B-00C04F79EFBC}") = "WebAPIMySQLSample.API.Tests", "WebAPIMySQLSample.API.Tests\WebAPIMySQLSample.API.Tests.csproj", "{405283C3-6F95-4238-82E5-9EA326797980}"
EndProject
Project("{FAE04EC0-301F-11D3-BF4B-00C04F79EFBC}") = "WebAPIMySQLSample.Business", "WebAPIMySQLSample.Business\WebAPIMySQLSample.Business.csproj", "{C35D5C71-E177-44AD-96F8-1B4D134097B5}"
EndProject
Project("{FAE04EC0-301F-11D3-BF4B-00C04F79EFBC}") = "WebAPIMySQLSample.Common", "WebAPIMySQLSample.Common\WebAPIMySQLSample.Common.csproj", "{02C56BA1-4F0C-4E2D-B0F0-100FD15579D1}"
EndProject
Project("{FAE04EC0-301F-11D3-BF4B-00C04F79EFBC}") = "WebAPIMySQLSample.Data", "WebAPIMySQLSample.Data\WebAPIMySQLSample.Data.csproj", "{892B4A2D-2C44-43C3-8DB4-EE67C0EF4BF9}"
EndProject
Global
	GlobalSection(SolutionConfigurationPlatforms) = preSolution
		Debug|Any CPU = Debug|Any CPU
		Release|Any CPU = Release|Any CPU
	EndGlobalSection
	GlobalSection(ProjectConfigurationPlatforms) = postSolution
		{75671B35-13E9-4CDD-8579-A8105FA0CC6B}.Debug|Any CPU.ActiveCfg = Debug|Any CPU
		{75671B35-13E9-4CDD-8579-A8105FA0CC6B}.Debug|Any CPU.Build.0 = Debug|Any CPU
		{75671B35-13E9-4CDD-8579-A8105FA0CC6B}.Release|Any CPU.ActiveCfg = Release|Any CPU
		{75671B35-13E9-4CDD-8579-A8105FA0CC6B}.Release|Any CPU.Build.0 = Release|Any CPU
		{405283C3-6F95-4238-82E5-9EA326797980}.Debug|Any CPU.ActiveCfg = Debug|Any CPU
		{405283C3-6F95-4238-82E5-9EA326797980}.Debug|Any CPU.Build.0 = Debug|Any CPU
		{405283C3-6F95-4238-82E5-9EA326797980}.Release|Any CPU.ActiveCfg = Release|Any CPU
		{405283C3-6F95-4238-82E5-9EA326797980}.Release|Any CPU.Build.0 = Release|Any CPU
		{C35D5C71-E177-44AD-96F8-1B4D134097B5}.Debug|Any CPU.ActiveCfg = Debug|Any CPU
		{C35D5C71-E177-44AD-96F8-1B4D134097B5}.Debug|Any CPU.Build.0 = Debug|Any CPU
		{C35D5C71-E177-44AD-96F8-1B4D134097B5}.Release|Any CPU.ActiveCfg = Release|Any CPU
		{C35D5C71-E177-44AD-96F8-1B4D134097B5}.Release|Any CPU.Build.0 = Release|Any CPU
		{02C56BA1-4F0C-4E2D-B0F0-100FD15579D1}.Debug|Any CPU.ActiveCfg = Debug|Any CPU
		{02C56BA1-4F0C-4E2D-B0F0-100FD15579D1}.Debug|Any CPU.Build.0 = Debug|Any CPU
		{02C56BA1-4F0C-4E2D-B0F0-100FD15579D1}.Release|Any CPU.ActiveCfg = Release|Any CPU
		{02C56BA1-4F0C-4E2D-B0F0-100FD15579D1}.Release|Any CPU.Build.0 = Release|Any CPU
		{892B4A2D-2C44-43C3-8DB4-EE67C0EF4BF9}.Debug|Any CPU.ActiveCfg = Debug|Any CPU
		{892B4A2D-2C44-43C3-8DB4-EE67C0EF4BF9}.Debug|Any CPU.Build.0 = Debug|Any CPU
		{892B4A2D-2C44-43C3-8DB4-EE67C0EF4BF9}.Release|Any CPU.ActiveCfg = Release|Any CPU
		{892B4A2D-2C44-43C3-8DB4-EE67C0EF4BF9}.Release|Any CPU.Build.0 = Release|Any CPU
	EndGlobalSection
	GlobalSection(SolutionProperties) = preSolution
		HideSolutionNode = FALSE
	EndGlobalSection
EndGlobal
